Microsoft Visual Studio Solution File, Format Version 11.00
# Visual Studio 2008

Project("{136C895A-5645-2E32-6839-F4D6CBC60E99}") = "CivSim", "Assembly-CSharp.csproj", "{396361C9-BDB7-49AE-FE38-050FC2DE387A}"
EndProject
Global
	GlobalSection(SolutionConfigurationPlatforms) = preSolution
		Debug|Any CPU = Debug|Any CPU
		Release|Any CPU = Release|Any CPU
	EndGlobalSection
	GlobalSection(ProjectConfigurationPlatforms) = postSolution
		{396361C9-BDB7-49AE-FE38-050FC2DE387A}.Debug|Any CPU.ActiveCfg = Debug|Any CPU
		{396361C9-BDB7-49AE-FE38-050FC2DE387A}.Debug|Any CPU.Build.0 = Debug|Any CPU
		{396361C9-BDB7-49AE-FE38-050FC2DE387A}.Release|Any CPU.ActiveCfg = Release|Any CPU
		{396361C9-BDB7-49AE-FE38-050FC2DE387A}.Release|Any CPU.Build.0 = Release|Any CPU
	EndGlobalSection
	GlobalSection(SolutionProperties) = preSolution
		HideSolutionNode = FALSE
	EndGlobalSection
	GlobalSection(MonoDevelopProperties) = preSolution
		StartupItem = Assembly-CSharp.csproj
	EndGlobalSection
EndGlobal
